{
  "requires": true,
  "lockfileVersion": 1,
  "dependencies": {
    "@angular-devkit/core": {
      "version": "8.2.2",
      "resolved": "https://registry.npmjs.org/@angular-devkit/core/-/core-8.2.2.tgz",
      "integrity": "sha512-qA1lK/OQhNptCxoEGbTryn6yeFS1F/e/EiUTwgU/j4DkBwPyYGE8iqWBd/cgI9AVqQaRSLLhVWXtDPxoNL0TKg==",
      "dev": true,
      "requires": {
        "ajv": "6.10.2",
        "fast-json-stable-stringify": "2.0.0",
        "magic-string": "0.25.3",
        "rxjs": "6.4.0",
        "source-map": "0.7.3"
      }
    },
    "@angular-devkit/schematics": {
      "version": "8.2.2",
      "resolved": "https://registry.npmjs.org/@angular-devkit/schematics/-/schematics-8.2.2.tgz",
      "integrity": "sha512-wAbP+IriWgTSLR4prezuFlLbxMZMGXiN0FNH2i/v8MfxNXCBiEvD4YtD/8s8YRsZs+IW7sp3bErSD/EIlS4DyQ==",
      "dev": true,
      "requires": {
        "@angular-devkit/core": "8.2.2",
        "rxjs": "6.4.0"
      }
    },
    "@nativescript/schematics": {
      "version": "1.0.0",
      "resolved": "https://registry.npmjs.org/@nativescript/schematics/-/schematics-1.0.0.tgz",
      "integrity": "sha512-r0oO7Mz/VSlTyR1l2TzEIdyblOCOAoj+48upA9tOQEtGcuYdi8a95XRcgpX2Hbv4k/FCCsuByaEBYHsdWy+YxA==",
      "dev": true,
      "requires": {
        "@angular-devkit/core": "~8.2.0",
        "@angular-devkit/schematics": "~8.2.0",
        "@nativescript/tslint-rules": "~0.0.3",
        "@phenomnomnominal/tsquery": "^3.0.0"
      }
    },
    "@nativescript/tslint-rules": {
      "version": "0.0.5",
      "resolved": "https://registry.npmjs.org/@nativescript/tslint-rules/-/tslint-rules-0.0.5.tgz",
      "integrity": "sha512-KHD4FOXyjoCWHJbKbaWUeMSYmv3gE8mFC6x9etDVUgPjKQlo4+7WmHZZyCxQ+hHNj9jNQ5vGEHAjTLP4dGinnQ==",
      "dev": true,
      "requires": {
        "@phenomnomnominal/tsquery": "~3.0.0"
      }
    },
    "@phenomnomnominal/tsquery": {
      "version": "3.0.0",
      "resolved": "https://registry.npmjs.org/@phenomnomnominal/tsquery/-/tsquery-3.0.0.tgz",
      "integrity": "sha512-SW8lKitBHWJ9fAYkJ9kJivuctwNYCh3BUxLdH0+XiR1GPBiu+7qiZzh8p8jqlj1LgVC1TbvfNFroaEsmYlL8Iw==",
      "dev": true,
      "requires": {
        "esquery": "^1.0.1"
      }
    },
    "ajv": {
      "version": "6.10.2",
      "resolved": "https://registry.npmjs.org/ajv/-/ajv-6.10.2.tgz",
      "integrity": "sha512-TXtUUEYHuaTEbLZWIKUr5pmBuhDLy+8KYtPYdcV8qC+pOZL+NKqYwvWSRrVXHn+ZmRRAu8vJTAznH7Oag6RVRw==",
      "dev": true,
      "requires": {
        "fast-deep-equal": "^2.0.1",
        "fast-json-stable-stringify": "^2.0.0",
        "json-schema-traverse": "^0.4.1",
        "uri-js": "^4.2.2"
      }
    },
    "esquery": {
      "version": "1.0.1",
      "resolved": "https://registry.npmjs.org/esquery/-/esquery-1.0.1.tgz",
      "integrity": "sha512-SmiyZ5zIWH9VM+SRUReLS5Q8a7GxtRdxEBVZpm98rJM7Sb+A9DVCndXfkeFUd3byderg+EbDkfnevfCwynWaNA==",
      "dev": true,
      "requires": {
        "estraverse": "^4.0.0"
      }
    },
    "estraverse": {
      "version": "4.3.0",
      "resolved": "https://registry.npmjs.org/estraverse/-/estraverse-4.3.0.tgz",
      "integrity": "sha512-39nnKffWz8xN1BU/2c79n9nB9HDzo0niYUqx6xyqUnyoAnQyyWpOTdZEeiCch8BBu515t4wp9ZmgVfVhn9EBpw==",
      "dev": true
    },
    "fast-deep-equal": {
      "version": "2.0.1",
      "resolved": "https://registry.npmjs.org/fast-deep-equal/-/fast-deep-equal-2.0.1.tgz",
      "integrity": "sha1-ewUhjd+WZ79/Nwv3/bLLFf3Qqkk=",
      "dev": true
    },
    "fast-json-stable-stringify": {
      "version": "2.0.0",
      "resolved": "https://registry.npmjs.org/fast-json-stable-stringify/-/fast-json-stable-stringify-2.0.0.tgz",
      "integrity": "sha1-1RQsDK7msRifh9OnYREGT4bIu/I=",
      "dev": true
    },
    "json-schema-traverse": {
      "version": "0.4.1",
      "resolved": "https://registry.npmjs.org/json-schema-traverse/-/json-schema-traverse-0.4.1.tgz",
      "integrity": "sha512-xbbCH5dCYU5T8LcEhhuh7HJ88HXuW3qsI3Y0zOZFKfZEHcpWiHU/Jxzk629Brsab/mMiHQti9wMP+845RPe3Vg==",
      "dev": true
    },
    "magic-string": {
      "version": "0.25.3",
      "resolved": "https://registry.npmjs.org/magic-string/-/magic-string-0.25.3.tgz",
      "integrity": "sha512-6QK0OpF/phMz0Q2AxILkX2mFhi7m+WMwTRg0LQKq/WBB0cDP4rYH3Wp4/d3OTXlrPLVJT/RFqj8tFeAR4nk8AA==",
      "dev": true,
      "requires": {
        "sourcemap-codec": "^1.4.4"
      }
    },
    "punycode": {
      "version": "2.1.1",
      "resolved": "https://registry.npmjs.org/punycode/-/punycode-2.1.1.tgz",
      "integrity": "sha512-XRsRjdf+j5ml+y/6GKHPZbrF/8p2Yga0JPtdqTIY2Xe5ohJPD9saDJJLPvp9+NSBprVvevdXZybnj2cv8OEd0A==",
      "dev": true
    },
    "rxjs": {
      "version": "6.4.0",
      "resolved": "https://registry.npmjs.org/rxjs/-/rxjs-6.4.0.tgz",
      "integrity": "sha512-Z9Yfa11F6B9Sg/BK9MnqnQ+aQYicPLtilXBp2yUtDt2JRCE0h26d33EnfO3ZxoNxG0T92OUucP3Ct7cpfkdFfw==",
      "dev": true,
      "requires": {
        "tslib": "^1.9.0"
      }
    },
    "source-map": {
      "version": "0.7.3",
      "resolved": "https://registry.npmjs.org/source-map/-/source-map-0.7.3.tgz",
      "integrity": "sha512-CkCj6giN3S+n9qrYiBTX5gystlENnRW5jZeNLHpe6aue+SrHcG5VYwujhW9s4dY31mEGsxBDrHR6oI69fTXsaQ==",
      "dev": true
    },
    "sourcemap-codec": {
      "version": "1.4.8",
      "resolved": "https://registry.npmjs.org/sourcemap-codec/-/sourcemap-codec-1.4.8.tgz",
      "integrity": "sha512-9NykojV5Uih4lgo5So5dtw+f0JgJX30KCNI8gwhz2J9A15wD0Ml6tjHKwf6fTSa6fAdVBdZeNOs9eJ71qCk8vA==",
      "dev": true
    },
    "tslib": {
      "version": "1.10.0",
      "resolved": "https://registry.npmjs.org/tslib/-/tslib-1.10.0.tgz",
      "integrity": "sha512-qOebF53frne81cf0S9B41ByenJ3/IuH8yJKngAX35CmiZySA0khhkovshKK+jGCaMnVomla7gVlIcc3EvKPbTQ==",
      "dev": true
    },
    "uri-js": {
      "version": "4.2.2",
      "resolved": "https://registry.npmjs.org/uri-js/-/uri-js-4.2.2.tgz",
      "integrity": "sha512-KY9Frmirql91X2Qgjry0Wd4Y+YTdrdZheS8TFwvkbLWf/G5KNJDCh6pKL5OZctEW4+0Baa5idK2ZQuELRwPznQ==",
      "dev": true,
      "requires": {
        "punycode": "^2.1.0"
      }
    }
  }
}
